
Microsoft Visual Studio Solution File, Format Version 12.00
Project("{FAE04EC0-301F-11D3-BF4B-00C04F79EFBC}") = "modul7_hw7", "modul7_hw7\modul7_hw7.csproj", "{3EF67A7B-A3FC-4E2A-9430-FD787C9A2ED9}"
EndProject
Global
	GlobalSection(SolutionConfigurationPlatforms) = preSolution
		Debug|Any CPU = Debug|Any CPU
		Release|Any CPU = Release|Any CPU
	EndGlobalSection
	GlobalSection(ProjectConfigurationPlatforms) = postSolution
		{3EF67A7B-A3FC-4E2A-9430-FD787C9A2ED9}.Debug|Any CPU.ActiveCfg = Debug|Any CPU
		{3EF67A7B-A3FC-4E2A-9430-FD787C9A2ED9}.Debug|Any CPU.Build.0 = Debug|Any CPU
		{3EF67A7B-A3FC-4E2A-9430-FD787C9A2ED9}.Release|Any CPU.ActiveCfg = Release|Any CPU
		{3EF67A7B-A3FC-4E2A-9430-FD787C9A2ED9}.Release|Any CPU.Build.0 = Release|Any CPU
	EndGlobalSection
EndGlobal
